// !$*UTF8*$!
{
	archiveVersion = 1;
	classes = {
	};
	objectVersion = 77;
	objects = {

/* Begin PBXContainerItemProxy section */
		B0AFD4252F760B13006E882A /* PBXContainerItemProxy */ = {
			isa = PBXContainerItemProxy;
			containerPortal = B0AFD40D2F760B0B006E882A /* Project object */;
			proxyType = 1;
			remoteGlobalIDString = B0AFD4142F760B0B006E882A;
			remoteInfo = BrightNewsApp;
		};
		B0AFD42F2F760B13006E882A /* PBXContainerItemProxy */ = {
			isa = PBXContainerItemProxy;
			containerPortal = B0AFD40D2F760B0B006E882A /* Project object */;
			proxyType = 1;
			remoteGlobalIDString = B0AFD4142F760B0B006E882A;
			remoteInfo = BrightNewsApp;
		};
/* End PBXContainerItemProxy section */

/* Begin PBXFileReference section */
		B0AFD4152F760B0B006E882A /* BrightNewsApp.app */ = {isa = PBXFileReference; explicitFileType = wrapper.application; includeInIndex = 0; path = BrightNewsApp.app; sourceTree = BUILT_PRODUCTS_DIR; };
		B0AFD4242F760B13006E882A /* BrightNewsAppTests.xctest */ = {isa = PBXFileReference; explicitFileType = wrapper.cfbundle; includeInIndex = 0; path = BrightNewsAppTests.xctest; sourceTree = BUILT_PRODUCTS_DIR; };
		B0AFD42E2F760B13006E882A /* BrightNewsAppUITests.xctest */ = {isa = PBXFileReference; explicitFileType = wrapper.cfbundle; includeInIndex = 0; path = BrightNewsAppUITests.xctest; sourceTree = BUILT_PRODUCTS_DIR; };
/* End PBXFileReference section */

/* Begin PBXFileSystemSynchronizedBuildFileExceptionSet section */
		B0AFD4FF2F760B13006E882A /* Exceptions for "BrightNewsApp" folder in "BrightNewsApp" target */ = {
			isa = PBXFileSystemSynchronizedBuildFileExceptionSet;
			membershipExceptions = (
				Info.plist,
			);
			target = B0AFD4142F760B0B006E882A /* BrightNewsApp */;
		};
/* End PBXFileSystemSynchronizedBuildFileExceptionSet section */

/* Begin PBXFileSystemSynchronizedRootGroup section */
		B0AFD4172F760B0B006E882A /* BrightNewsApp */ = {
			isa = PBXFileSystemSynchronizedRootGroup;
			exceptions = (
				B0AFD4FF2F760B13006E882A /* Exceptions for "BrightNewsApp" folder in "BrightNewsApp" target */,
			);
			path = BrightNewsApp;
			sourceTree = "<group>";
		};
		B0AFD4272F760B13006E882A /* BrightNewsAppTests */ = {
			isa = PBXFileSystemSynchronizedRootGroup;
			path = BrightNewsAppTests;
			sourceTree = "<group>";
		};
		B0AFD4312F760B13006E882A /* BrightNewsAppUITests */ = {
			isa = PBXFileSystemSynchronizedRootGroup;
			path = BrightNewsAppUITests;
			sourceTree = "<group>";
		};
/* End PBXFileSystemSynchronizedRootGroup section */

/* Begin PBXFrameworksBuildPhase section */
		B0AFD4122F760B0B006E882A /* Frameworks */ = {
			isa = PBXFrameworksBuildPhase;
			buildActionMask = 2147483647;
			files = (
				B0AFD5B12F770001006E882A /* GoogleMobileAds in Frameworks */,
			
			);
			runOnlyForDeploymentPostprocessing = 0;
		};
		B0AFD4212F760B13006E882A /* Frameworks */ = {
			isa = PBXFrameworksBuildPhase;
			buildActionMask = 2147483647;
			files = (
			);
			runOnlyForDeploymentPostprocessing = 0;
		};
		B0AFD42B2F760B13006E882A /* Frameworks */ = {
			isa = PBXFrameworksBuildPhase;
			buildActionMask = 2147483647;
			files = (
			);
			runOnlyForDeploymentPostprocessing = 0;
		};
/* End PBXFrameworksBuildPhase section */

/* Begin PBXGroup section */
		B0AFD40C2F760B0B006E882A = {
			isa = PBXGroup;
			children = (
				B0AFD4172F760B0B006E882A /* BrightNewsApp */,
				B0AFD4272F760B13006E882A /* BrightNewsAppTests */,
				B0AFD4312F760B13006E882A /* BrightNewsAppUITests */,
				B0AFD4162F760B0B006E882A /* Products */,
			);
			sourceTree = "<group>";
		};
		B0AFD4162F760B0B006E882A /* Products */ = {
			isa = PBXGroup;
			children = (
				B0AFD4152F760B0B006E882A /* BrightNewsApp.app */,
				B0AFD4242F760B13006E882A /* BrightNewsAppTests.xctest */,
				B0AFD42E2F760B13006E882A /* BrightNewsAppUITests.xctest */,
			);
			name = Products;
			sourceTree = "<group>";
		};
/* End PBXGroup section */

/* Begin PBXNativeTarget section */
		B0AFD4142F760B0B006E882A /* BrightNewsApp */ = {
			isa = PBXNativeTarget;
			buildConfigurationList = B0AFD4382F760B13006E882A /* Build configuration list for PBXNativeTarget "BrightNewsApp" */;
			buildPhases = (
				B0AFD4112F760B0B006E882A /* Sources */,
				B0AFD4122F760B0B006E882A /* Frameworks */,
				B0AFD4132F760B0B006E882A /* Resources */,
			);
			buildRules = (
			);
			dependencies = (
			);
			fileSystemSynchronizedGroups = (
				B0AFD4172F760B0B006E882A /* BrightNewsApp */,
			);
			name = BrightNewsApp;
			packageProductDependencies = (
				B0AFD5B02F770000006E882A /* GoogleMobileAds */,
			);
			productName = BrightNewsApp;
			productReference = B0AFD4152F760B0B006E882A /* BrightNewsApp.app */;
			productType = "com.apple.product-type.application";
		};
		B0AFD4232F760B13006E882A /* BrightNewsAppTests */ = {
			isa = PBXNativeTarget;
			buildConfigurationList = B0AFD43B2F760B13006E882A /* Build configuration list for PBXNativeTarget "BrightNewsAppTests" */;
			buildPhases = (
				B0AFD4202F760B13006E882A /* Sources */,
				B0AFD4212F760B13006E882A /* Frameworks */,
				B0AFD4222F760B13006E882A /* Resources */,
			);
			buildRules = (
			);
			dependencies = (
				B0AFD4262F760B13006E882A /* PBXTargetDependency */,
			);
			fileSystemSynchronizedGroups = (
				B0AFD4272F760B13006E882A /* BrightNewsAppTests */,
			);
			name = BrightNewsAppTests;
			packageProductDependencies = (
			);
			productName = BrightNewsAppTests;
			productReference = B0AFD4242F760B13006E882A /* BrightNewsAppTests.xctest */;
			productType = "com.apple.product-type.bundle.unit-test";
		};
		B0AFD42D2F760B13006E882A /* BrightNewsAppUITests */ = {
			isa = PBXNativeTarget;
			buildConfigurationList = B0AFD43E2F760B13006E882A /* Build configuration list for PBXNativeTarget "BrightNewsAppUITests" */;
			buildPhases = (
				B0AFD42A2F760B13006E882A /* Sources */,
				B0AFD42B2F760B13006E882A /* Frameworks */,
				B0AFD42C2F760B13006E882A /* Resources */,
			);
			buildRules = (
			);
			dependencies = (
				B0AFD4302F760B13006E882A /* PBXTargetDependency */,
			);
			fileSystemSynchronizedGroups = (
				B0AFD4312F760B13006E882A /* BrightNewsAppUITests */,
			);
			name = BrightNewsAppUITests;
			packageProductDependencies = (
			);
			productName = BrightNewsAppUITests;
			productReference = B0AFD42E2F760B13006E882A /* BrightNewsAppUITests.xctest */;
			productType = "com.apple.product-type.bundle.ui-testing";
		};
/* End PBXNativeTarget section */

/* Begin PBXProject section */
		B0AFD40D2F760B0B006E882A /* Project object */ = {
			isa = PBXProject;
			attributes = {
				BuildIndependentTargetsInParallel = 1;
				LastSwiftUpdateCheck = 2630;
				LastUpgradeCheck = 2630;
				TargetAttributes = {
					B0AFD4142F760B0B006E882A = {
						CreatedOnToolsVersion = 26.3;
					};
					B0AFD4232F760B13006E882A = {
						CreatedOnToolsVersion = 26.3;
						TestTargetID = B0AFD4142F760B0B006E882A;
					};
					B0AFD42D2F760B13006E882A = {
						CreatedOnToolsVersion = 26.3;
						TestTargetID = B0AFD4142F760B0B006E882A;
					};
				};
			};
			buildConfigurationList = B0AFD4102F760B0B006E882A /* Build configuration list for PBXProject "BrightNewsApp" */;
			developmentRegion = en;
			hasScannedForEncodings = 0;
			knownRegions = (
				en,
				Base,
			);
			mainGroup = B0AFD40C2F760B0B006E882A;
			minimizedProjectReferenceProxies = 1;
			packageReferences = (
				B0AFD5A52F765941006E882A /* XCRemoteSwiftPackageReference "swift-package-manager-google-mobile-ads" */,
			);
			preferredProjectObjectVersion = 77;
			productRefGroup = B0AFD4162F760B0B006E882A /* Products */;
			projectDirPath = "";
			projectRoot = "";
			targets = (
				B0AFD4142F760B0B006E882A /* BrightNewsApp */,
				B0AFD4232F760B13006E882A /* BrightNewsAppTests */,
				B0AFD42D2F760B13006E882A /* BrightNewsAppUITests */,
			);
		};
/* End PBXProject section */

/* Begin PBXResourcesBuildPhase section */
		B0AFD4132F760B0B006E882A /* Resources */ = {
			isa = PBXResourcesBuildPhase;
			buildActionMask = 2147483647;
			files = (
			);
			runOnlyForDeploymentPostprocessing = 0;
		};
		B0AFD4222F760B13006E882A /* Resources */ = {
			isa = PBXResourcesBuildPhase;
			buildActionMask = 2147483647;
			files = (
			);
			runOnlyForDeploymentPostprocessing = 0;
		};
		B0AFD42C2F760B13006E882A /* Resources */ = {
			isa = PBXResourcesBuildPhase;
			buildActionMask = 2147483647;
			files = (
			);
			runOnlyForDeploymentPostprocessing = 0;
		};
/* End PBXResourcesBuildPhase section */

/* Begin PBXSourcesBuildPhase section */
		B0AFD4112F760B0B006E882A /* Sources */ = {
			isa = PBXSourcesBuildPhase;
			buildActionMask = 2147483647;
			files = (
			);
			runOnlyForDeploymentPostprocessing = 0;
		};
		B0AFD4202F760B13006E882A /* Sources */ = {
			isa = PBXSourcesBuildPhase;
			buildActionMask = 2147483647;
			files = (
			);
			runOnlyForDeploymentPostprocessing = 0;
		};
		B0AFD42A2F760B13006E882A /* Sources */ = {
			isa = PBXSourcesBuildPhase;
			buildActionMask = 2147483647;
			files = (
			);
			runOnlyForDeploymentPostprocessing = 0;
		};
/* End PBXSourcesBuildPhase section */

/* Begin PBXTargetDependency section */
		B0AFD4262F760B13006E882A /* PBXTargetDependency */ = {
			isa = PBXTargetDependency;
			target = B0AFD4142F760B0B006E882A /* BrightNewsApp */;
			targetProxy = B0AFD4252F760B13006E882A /* PBXContainerItemProxy */;
		};
		B0AFD4302F760B13006E882A /* PBXTargetDependency */ = {
			isa = PBXTargetDependency;
			target = B0AFD4142F760B0B006E882A /* BrightNewsApp */;
			targetProxy = B0AFD42F2F760B13006E882A /* PBXContainerItemProxy */;
		};
/* End PBXTargetDependency section */

/* Begin XCBuildConfiguration section */
		B0AFD4362F760B13006E882A /* Debug */ = {
			isa = XCBuildConfiguration;
			buildSettings = {
				ALWAYS_SEARCH_USER_PATHS = NO;
				ASSETCATALOG_COMPILER_GENERATE_SWIFT_ASSET_SYMBOL_EXTENSIONS = YES;
				CLANG_ANALYZER_NONNULL = YES;
				CLANG_ANALYZER_NUMBER_OBJECT_CONVERSION = YES_AGGRESSIVE;
				CLANG_CXX_LANGUAGE_STANDARD = "gnu++20";
				CLANG_ENABLE_MODULES = YES;
				CLANG_ENABLE_OBJC_ARC = YES;
				CLANG_ENABLE_OBJC_WEAK = YES;
				CLANG_WARN_BLOCK_CAPTURE_AUTORELEASING = YES;
				CLANG_WARN_BOOL_CONVERSION = YES;
				CLANG_WARN_COMMA = YES;
				CLANG_WARN_CONSTANT_CONVERSION = YES;
				CLANG_WARN_DEPRECATED_OBJC_IMPLEMENTATIONS = YES;
				CLANG_WARN_DIRECT_OBJC_ISA_USAGE = YES_ERROR;
				CLANG_WARN_DOCUMENTATION_COMMENTS = YES;
				CLANG_WARN_EMPTY_BODY = YES;
				CLANG_WARN_ENUM_CONVERSION = YES;
				CLANG_WARN_INFINITE_RECURSION = YES;
				CLANG_WARN_INT_CONVERSION = YES;
				CLANG_WARN_NON_LITERAL_NULL_CONVERSION = YES;
				CLANG_WARN_OBJC_IMPLICIT_RETAIN_SELF = YES;
				CLANG_WARN_OBJC_LITERAL_CONVERSION = YES;
				CLANG_WARN_OBJC_ROOT_CLASS = YES_ERROR;
				CLANG_WARN_QUOTED_INCLUDE_IN_FRAMEWORK_HEADER = YES;
				CLANG_WARN_RANGE_LOOP_ANALYSIS = YES;
				CLANG_WARN_STRICT_PROTOTYPES = YES;
				CLANG_WARN_SUSPICIOUS_MOVE = YES;
				CLANG_WARN_UNGUARDED_AVAILABILITY = YES_AGGRESSIVE;
				CLANG_WARN_UNREACHABLE_CODE = YES;
				CLANG_WARN__DUPLICATE_METHOD_MATCH = YES;
				COPY_PHASE_STRIP = NO;
				DEBUG_INFORMATION_FORMAT = dwarf;
				DEVELOPMENT_TEAM = 4SBW8J6Y96;
				ENABLE_STRICT_OBJC_MSGSEND = YES;
				ENABLE_TESTABILITY = YES;
				ENABLE_USER_SCRIPT_SANDBOXING = YES;
				GCC_C_LANGUAGE_STANDARD = gnu17;
				GCC_DYNAMIC_NO_PIC = NO;
				GCC_NO_COMMON_BLOCKS = YES;
				GCC_OPTIMIZATION_LEVEL = 0;
				GCC_PREPROCESSOR_DEFINITIONS = (
					"DEBUG=1",
					"$(inherited)",
				);
				GCC_WARN_64_TO_32_BIT_CONVERSION = YES;
				GCC_WARN_ABOUT_RETURN_TYPE = YES_ERROR;
				GCC_WARN_UNDECLARED_SELECTOR = YES;
				GCC_WARN_UNINITIALIZED_AUTOS = YES_AGGRESSIVE;
				GCC_WARN_UNUSED_FUNCTION = YES;
				GCC_WARN_UNUSED_VARIABLE = YES;
				IPHONEOS_DEPLOYMENT_TARGET = 26.2;
				LOCALIZATION_PREFERS_STRING_CATALOGS = YES;
				MTL_ENABLE_DEBUG_INFO = INCLUDE_SOURCE;
				MTL_FAST_MATH = YES;
				ONLY_ACTIVE_ARCH = YES;
				SDKROOT = iphoneos;
				SWIFT_ACTIVE_COMPILATION_CONDITIONS = "DEBUG $(inherited)";
				SWIFT_OPTIMIZATION_LEVEL = "-Onone";
			};
			name = Debug;
		};
		B0AFD4372F760B13006E882A /* Release */ = {
			isa = XCBuildConfiguration;
			buildSettings = {
				ALWAYS_SEARCH_USER_PATHS = NO;
				ASSETCATALOG_COMPILER_GENERATE_SWIFT_ASSET_SYMBOL_EXTENSIONS = YES;
				CLANG_ANALYZER_NONNULL = YES;
				CLANG_ANALYZER_NUMBER_OBJECT_CONVERSION = YES_AGGRESSIVE;
				CLANG_CXX_LANGUAGE_STANDARD = "gnu++20";
				CLANG_ENABLE_MODULES = YES;
				CLANG_ENABLE_OBJC_ARC = YES;
				CLANG_ENABLE_OBJC_WEAK = YES;
				CLANG_WARN_BLOCK_CAPTURE_AUTORELEASING = YES;
				CLANG_WARN_BOOL_CONVERSION = YES;
				CLANG_WARN_COMMA = YES;
				CLANG_WARN_CONSTANT_CONVERSION = YES;
				CLANG_WARN_DEPRECATED_OBJC_IMPLEMENTATIONS = YES;
				CLANG_WARN_DIRECT_OBJC_ISA_USAGE = YES_ERROR;
				CLANG_WARN_DOCUMENTATION_COMMENTS = YES;
				CLANG_WARN_EMPTY_BODY = YES;
				CLANG_WARN_ENUM_CONVERSION = YES;
				CLANG_WARN_INFINITE_RECURSION = YES;
				CLANG_WARN_INT_CONVERSION = YES;
				CLANG_WARN_NON_LITERAL_NULL_CONVERSION = YES;
				CLANG_WARN_OBJC_IMPLICIT_RETAIN_SELF = YES;
				CLANG_WARN_OBJC_LITERAL_CONVERSION = YES;
				CLANG_WARN_OBJC_ROOT_CLASS = YES_ERROR;
				CLANG_WARN_QUOTED_INCLUDE_IN_FRAMEWORK_HEADER = YES;
				CLANG_WARN_RANGE_LOOP_ANALYSIS = YES;
				CLANG_WARN_STRICT_PROTOTYPES = YES;
				CLANG_WARN_SUSPICIOUS_MOVE = YES;
				CLANG_WARN_UNGUARDED_AVAILABILITY = YES_AGGRESSIVE;
				CLANG_WARN_UNREACHABLE_CODE = YES;
				CLANG_WARN__DUPLICATE_METHOD_MATCH = YES;
				COPY_PHASE_STRIP = NO;
				DEBUG_INFORMATION_FORMAT = "dwarf-with-dsym";
				DEVELOPMENT_TEAM = 4SBW8J6Y96;
				ENABLE_NS_ASSERTIONS = NO;
				ENABLE_STRICT_OBJC_MSGSEND = YES;
				ENABLE_USER_SCRIPT_SANDBOXING = YES;
				GCC_C_LANGUAGE_STANDARD = gnu17;
				GCC_NO_COMMON_BLOCKS = YES;
				GCC_WARN_64_TO_32_BIT_CONVERSION = YES;
				GCC_WARN_ABOUT_RETURN_TYPE = YES_ERROR;
				GCC_WARN_UNDECLARED_SELECTOR = YES;
				GCC_WARN_UNINITIALIZED_AUTOS = YES_AGGRESSIVE;
				GCC_WARN_UNUSED_FUNCTION = YES;
				GCC_WARN_UNUSED_VARIABLE = YES;
				IPHONEOS_DEPLOYMENT_TARGET = 26.2;
				LOCALIZATION_PREFERS_STRING_CATALOGS = YES;
				MTL_ENABLE_DEBUG_INFO = NO;
				MTL_FAST_MATH = YES;
				SDKROOT = iphoneos;
				SWIFT_COMPILATION_MODE = wholemodule;
				VALIDATE_PRODUCT = YES;
			};
			name = Release;
		};
		B0AFD4392F760B13006E882A /* Debug */ = {
			isa = XCBuildConfiguration;
			buildSettings = {
				ASSETCATALOG_COMPILER_APPICON_NAME = AppIcon;
				ASSETCATALOG_COMPILER_GLOBAL_ACCENT_COLOR_NAME = AccentColor;
				CODE_SIGN_STYLE = Automatic;
				CURRENT_PROJECT_VERSION = 1;
				DEVELOPMENT_TEAM = 4SBW8J6Y96;
				ENABLE_PREVIEWS = YES;
				GENERATE_INFOPLIST_FILE = NO;
				INFOPLIST_FILE = BrightNewsApp/Info.plist;
				LD_RUNPATH_SEARCH_PATHS = (
					"$(inherited)",
					"@executable_path/Frameworks",
				);
				MARKETING_VERSION = 1.0;
				PRODUCT_BUNDLE_IDENTIFIER = com.yasu.BrightNewsApp;
				PRODUCT_NAME = "$(TARGET_NAME)";
				STRING_CATALOG_GENERATE_SYMBOLS = YES;
				SWIFT_APPROACHABLE_CONCURRENCY = YES;
				SWIFT_DEFAULT_ACTOR_ISOLATION = MainActor;
				SWIFT_EMIT_LOC_STRINGS = YES;
				SWIFT_UPCOMING_FEATURE_MEMBER_IMPORT_VISIBILITY = YES;
				SWIFT_VERSION = 5.0;
				TARGETED_DEVICE_FAMILY = "1,2";
			};
			name = Debug;
		};
		B0AFD43A2F760B13006E882A /* Release */ = {
			isa = XCBuildConfiguration;
			buildSettings = {
				ASSETCATALOG_COMPILER_APPICON_NAME = AppIcon;
				ASSETCATALOG_COMPILER_GLOBAL_ACCENT_COLOR_NAME = AccentColor;
				CODE_SIGN_STYLE = Automatic;
				CURRENT_PROJECT_VERSION = 1;
				DEVELOPMENT_TEAM = 4SBW8J6Y96;
				ENABLE_PREVIEWS = YES;
				GENERATE_INFOPLIST_FILE = NO;
				INFOPLIST_FILE = BrightNewsApp/Info.plist;
				LD_RUNPATH_SEARCH_PATHS = (
					"$(inherited)",
					"@executable_path/Frameworks",
				);
				MARKETING_VERSION = 1.0;
				PRODUCT_BUNDLE_IDENTIFIER = com.yasu.BrightNewsApp;
				PRODUCT_NAME = "$(TARGET_NAME)";
				STRING_CATALOG_GENERATE_SYMBOLS = YES;
				SWIFT_APPROACHABLE_CONCURRENCY = YES;
				SWIFT_DEFAULT_ACTOR_ISOLATION = MainActor;
				SWIFT_EMIT_LOC_STRINGS = YES;
				SWIFT_UPCOMING_FEATURE_MEMBER_IMPORT_VISIBILITY = YES;
				SWIFT_VERSION = 5.0;
				TARGETED_DEVICE_FAMILY = "1,2";
			};
			name = Release;
		};
		B0AFD43C2F760B13006E882A /* Debug */ = {
			isa = XCBuildConfiguration;
			buildSettings = {
				BUNDLE_LOADER = "$(TEST_HOST)";
				CODE_SIGN_STYLE = Automatic;
				CURRENT_PROJECT_VERSION = 1;
				DEVELOPMENT_TEAM = 4SBW8J6Y96;
				GENERATE_INFOPLIST_FILE = YES;
				IPHONEOS_DEPLOYMENT_TARGET = 26.2;
				MARKETING_VERSION = 1.0;
				PRODUCT_BUNDLE_IDENTIFIER = com.yasu.BrightNewsAppTests;
				PRODUCT_NAME = "$(TARGET_NAME)";
				STRING_CATALOG_GENERATE_SYMBOLS = NO;
				SWIFT_APPROACHABLE_CONCURRENCY = YES;
				SWIFT_EMIT_LOC_STRINGS = NO;
				SWIFT_UPCOMING_FEATURE_MEMBER_IMPORT_VISIBILITY = YES;
				SWIFT_VERSION = 5.0;
				TARGETED_DEVICE_FAMILY = "1,2";
				TEST_HOST = "$(BUILT_PRODUCTS_DIR)/BrightNewsApp.app/$(BUNDLE_EXECUTABLE_FOLDER_PATH)/BrightNewsApp";
			};
			name = Debug;
		};
		B0AFD43D2F760B13006E882A /* Release */ = {
			isa = XCBuildConfiguration;
			buildSettings = {
				BUNDLE_LOADER = "$(TEST_HOST)";
				CODE_SIGN_STYLE = Automatic;
				CURRENT_PROJECT_VERSION = 1;
				DEVELOPMENT_TEAM = 4SBW8J6Y96;
				GENERATE_INFOPLIST_FILE = YES;
				IPHONEOS_DEPLOYMENT_TARGET = 26.2;
				MARKETING_VERSION = 1.0;
				PRODUCT_BUNDLE_IDENTIFIER = com.yasu.BrightNewsAppTests;
				PRODUCT_NAME = "$(TARGET_NAME)";
				STRING_CATALOG_GENERATE_SYMBOLS = NO;
				SWIFT_APPROACHABLE_CONCURRENCY = YES;
				SWIFT_EMIT_LOC_STRINGS = NO;
				SWIFT_UPCOMING_FEATURE_MEMBER_IMPORT_VISIBILITY = YES;
				SWIFT_VERSION = 5.0;
				TARGETED_DEVICE_FAMILY = "1,2";
				TEST_HOST = "$(BUILT_PRODUCTS_DIR)/BrightNewsApp.app/$(BUNDLE_EXECUTABLE_FOLDER_PATH)/BrightNewsApp";
			};
			name = Release;
		};
		B0AFD43F2F760B13006E882A /* Debug */ = {
			isa = XCBuildConfiguration;
			buildSettings = {
				CODE_SIGN_STYLE = Automatic;
				CURRENT_PROJECT_VERSION = 1;
				DEVELOPMENT_TEAM = 4SBW8J6Y96;
				GENERATE_INFOPLIST_FILE = YES;
				MARKETING_VERSION = 1.0;
				PRODUCT_BUNDLE_IDENTIFIER = com.yasu.BrightNewsAppUITests;
				PRODUCT_NAME = "$(TARGET_NAME)";
				STRING_CATALOG_GENERATE_SYMBOLS = NO;
				SWIFT_APPROACHABLE_CONCURRENCY = YES;
				SWIFT_EMIT_LOC_STRINGS = NO;
				SWIFT_UPCOMING_FEATURE_MEMBER_IMPORT_VISIBILITY = YES;
				SWIFT_VERSION = 5.0;
				TARGETED_DEVICE_FAMILY = "1,2";
				TEST_TARGET_NAME = BrightNewsApp;
			};
			name = Debug;
		};
		B0AFD4402F760B13006E882A /* Release */ = {
			isa = XCBuildConfiguration;
			buildSettings = {
				CODE_SIGN_STYLE = Automatic;
				CURRENT_PROJECT_VERSION = 1;
				DEVELOPMENT_TEAM = 4SBW8J6Y96;
				GENERATE_INFOPLIST_FILE = YES;
				MARKETING_VERSION = 1.0;
				PRODUCT_BUNDLE_IDENTIFIER = com.yasu.BrightNewsAppUITests;
				PRODUCT_NAME = "$(TARGET_NAME)";
				STRING_CATALOG_GENERATE_SYMBOLS = NO;
				SWIFT_APPROACHABLE_CONCURRENCY = YES;
				SWIFT_EMIT_LOC_STRINGS = NO;
				SWIFT_UPCOMING_FEATURE_MEMBER_IMPORT_VISIBILITY = YES;
				SWIFT_VERSION = 5.0;
				TARGETED_DEVICE_FAMILY = "1,2";
				TEST_TARGET_NAME = BrightNewsApp;
			};
			name = Release;
		};
/* End XCBuildConfiguration section */

/* Begin XCConfigurationList section */
		B0AFD4102F760B0B006E882A /* Build configuration list for PBXProject "BrightNewsApp" */ = {
			isa = XCConfigurationList;
			buildConfigurations = (
				B0AFD4362F760B13006E882A /* Debug */,
				B0AFD4372F760B13006E882A /* Release */,
			);
			defaultConfigurationIsVisible = 0;
			defaultConfigurationName = Release;
		};
		B0AFD4382F760B13006E882A /* Build configuration list for PBXNativeTarget "BrightNewsApp" */ = {
			isa = XCConfigurationList;
			buildConfigurations = (
				B0AFD4392F760B13006E882A /* Debug */,
				B0AFD43A2F760B13006E882A /* Release */,
			);
			defaultConfigurationIsVisible = 0;
			defaultConfigurationName = Release;
		};
		B0AFD43B2F760B13006E882A /* Build configuration list for PBXNativeTarget "BrightNewsAppTests" */ = {
			isa = XCConfigurationList;
			buildConfigurations = (
				B0AFD43C2F760B13006E882A /* Debug */,
				B0AFD43D2F760B13006E882A /* Release */,
			);
			defaultConfigurationIsVisible = 0;
			defaultConfigurationName = Release;
		};
		B0AFD43E2F760B13006E882A /* Build configuration list for PBXNativeTarget "BrightNewsAppUITests" */ = {
			isa = XCConfigurationList;
			buildConfigurations = (
				B0AFD43F2F760B13006E882A /* Debug */,
				B0AFD4402F760B13006E882A /* Release */,
			);
			defaultConfigurationIsVisible = 0;
			defaultConfigurationName = Release;
		};
/* End XCConfigurationList section */

/* Begin XCSwiftPackageProductDependency section */
		B0AFD5B02F770000006E882A /* GoogleMobileAds */ = {
			isa = XCSwiftPackageProductDependency;
			package = B0AFD5A52F765941006E882A /* XCRemoteSwiftPackageReference "swift-package-manager-google-mobile-ads" */;
			productName = GoogleMobileAds;
		};
/* End XCSwiftPackageProductDependency section */
/* Begin XCRemoteSwiftPackageReference section */
		B0AFD5A52F765941006E882A /* XCRemoteSwiftPackageReference "swift-package-manager-google-mobile-ads" */ = {
			isa = XCRemoteSwiftPackageReference;
			repositoryURL = "https://github.com/googleads/swift-package-manager-google-mobile-ads";
			requirement = {
				kind = upToNextMajorVersion;
				minimumVersion = 13.1.0;
			};
		};
/* End XCRemoteSwiftPackageReference section */
	};
	rootObject = B0AFD40D2F760B0B006E882A /* Project object */;
}
